
Microsoft Visual Studio Solution File, Format Version 12.00
# Visual Studio Version 17
VisualStudioVersion = 17.3.32825.248
MinimumVisualStudioVersion = 10.0.40219.1
Project("{2150E333-8FDC-42A3-9474-1A3956D46DE8}") = "Services", "Services", "{164E3B87-33B2-4808-843B-0F2D2C94C09A}"
EndProject
Project("{2150E333-8FDC-42A3-9474-1A3956D46DE8}") = "Catalog", "Catalog", "{75FC1018-6AA5-4054-9111-7307AA31BCBD}"
EndProject
Project("{FAE04EC0-301F-11D3-BF4B-00C04F79EFBC}") = "GlobalAuto.Catalog", "Services\Catalog\MultiShop.Catalog\GlobalAuto.Catalog.csproj", "{C3CE1384-209A-4B79-9BD7-ED190649703D}"
EndProject
Project("{2150E333-8FDC-42A3-9474-1A3956D46DE8}") = "Discount", "Discount", "{5A5126DB-FA5E-476A-A5E8-7868A42C5E6D}"
EndProject
Project("{FAE04EC0-301F-11D3-BF4B-00C04F79EFBC}") = "GlobalAuto.Discount", "Services\GlobalAuto.Discount\GlobalAuto.Discount.csproj", "{D382C644-6A9E-458A-8BC9-D4E25DA5AFF2}"
EndProject
Project("{2150E333-8FDC-42A3-9474-1A3956D46DE8}") = "Order", "Order", "{97FDB957-2C47-4120-9D8B-07F626706507}"
EndProject
Project("{FAE04EC0-301F-11D3-BF4B-00C04F79EFBC}") = "GlobalAuto.Order", "Services\GlobalAuto.Order\GlobalAuto.Order.csproj", "{F3EA902B-7CBD-448E-8580-912A1D57CEF1}"
EndProject
Global
	GlobalSection(SolutionConfigurationPlatforms) = preSolution
		Debug|Any CPU = Debug|Any CPU
		Release|Any CPU = Release|Any CPU
	EndGlobalSection
	GlobalSection(ProjectConfigurationPlatforms) = postSolution
		{C3CE1384-209A-4B79-9BD7-ED190649703D}.Debug|Any CPU.ActiveCfg = Debug|Any CPU
		{C3CE1384-209A-4B79-9BD7-ED190649703D}.Debug|Any CPU.Build.0 = Debug|Any CPU
		{C3CE1384-209A-4B79-9BD7-ED190649703D}.Release|Any CPU.ActiveCfg = Release|Any CPU
		{C3CE1384-209A-4B79-9BD7-ED190649703D}.Release|Any CPU.Build.0 = Release|Any CPU
		{D382C644-6A9E-458A-8BC9-D4E25DA5AFF2}.Debug|Any CPU.ActiveCfg = Debug|Any CPU
		{D382C644-6A9E-458A-8BC9-D4E25DA5AFF2}.Debug|Any CPU.Build.0 = Debug|Any CPU
		{D382C644-6A9E-458A-8BC9-D4E25DA5AFF2}.Release|Any CPU.ActiveCfg = Release|Any CPU
		{D382C644-6A9E-458A-8BC9-D4E25DA5AFF2}.Release|Any CPU.Build.0 = Release|Any CPU
		{F3EA902B-7CBD-448E-8580-912A1D57CEF1}.Debug|Any CPU.ActiveCfg = Debug|Any CPU
		{F3EA902B-7CBD-448E-8580-912A1D57CEF1}.Debug|Any CPU.Build.0 = Debug|Any CPU
		{F3EA902B-7CBD-448E-8580-912A1D57CEF1}.Release|Any CPU.ActiveCfg = Release|Any CPU
		{F3EA902B-7CBD-448E-8580-912A1D57CEF1}.Release|Any CPU.Build.0 = Release|Any CPU
	EndGlobalSection
	GlobalSection(SolutionProperties) = preSolution
		HideSolutionNode = FALSE
	EndGlobalSection
	GlobalSection(NestedProjects) = preSolution
		{75FC1018-6AA5-4054-9111-7307AA31BCBD} = {164E3B87-33B2-4808-843B-0F2D2C94C09A}
		{C3CE1384-209A-4B79-9BD7-ED190649703D} = {75FC1018-6AA5-4054-9111-7307AA31BCBD}
		{5A5126DB-FA5E-476A-A5E8-7868A42C5E6D} = {164E3B87-33B2-4808-843B-0F2D2C94C09A}
		{D382C644-6A9E-458A-8BC9-D4E25DA5AFF2} = {5A5126DB-FA5E-476A-A5E8-7868A42C5E6D}
		{97FDB957-2C47-4120-9D8B-07F626706507} = {164E3B87-33B2-4808-843B-0F2D2C94C09A}
		{F3EA902B-7CBD-448E-8580-912A1D57CEF1} = {97FDB957-2C47-4120-9D8B-07F626706507}
	EndGlobalSection
	GlobalSection(ExtensibilityGlobals) = postSolution
		SolutionGuid = {12090676-C5F9-46C5-BFEA-FB3F13B83DBE}
	EndGlobalSection
EndGlobal
